
Microsoft Visual Studio Solution File, Format Version 12.00
# Visual Studio 14
VisualStudioVersion = 14.0.25420.1
MinimumVisualStudioVersion = 10.0.40219.1
Project("{FAE04EC0-301F-11D3-BF4B-00C04F79EFBC}") = "nivel1", "nivel1\nivel1.csproj", "{24CC4793-78DC-4208-9C27-06E87EC0FB68}"
EndProject
Global
	GlobalSection(SolutionConfigurationPlatforms) = preSolution
		Debug|Any CPU = Debug|Any CPU
		Release|Any CPU = Release|Any CPU
	EndGlobalSection
	GlobalSection(ProjectConfigurationPlatforms) = postSolution
		{24CC4793-78DC-4208-9C27-06E87EC0FB68}.Debug|Any CPU.ActiveCfg = Debug|Any CPU
		{24CC4793-78DC-4208-9C27-06E87EC0FB68}.Debug|Any CPU.Build.0 = Debug|Any CPU
		{24CC4793-78DC-4208-9C27-06E87EC0FB68}.Release|Any CPU.ActiveCfg = Release|Any CPU
		{24CC4793-78DC-4208-9C27-06E87EC0FB68}.Release|Any CPU.Build.0 = Release|Any CPU
	EndGlobalSection
	GlobalSection(SolutionProperties) = preSolution
		HideSolutionNode = FALSE
	EndGlobalSection
EndGlobal
