
Microsoft Visual Studio Solution File, Format Version 12.00
# Visual Studio 14
VisualStudioVersion = 14.0.25420.1
MinimumVisualStudioVersion = 10.0.40219.1
Project("{FAE04EC0-301F-11D3-BF4B-00C04F79EFBC}") = "3_MiSuma", "3_MiSuma.csproj", "{BDCFF707-9918-43B2-81EB-CC948A78B3C1}"
EndProject
Global
	GlobalSection(SolutionConfigurationPlatforms) = preSolution
		Debug|Any CPU = Debug|Any CPU
		Release|Any CPU = Release|Any CPU
	EndGlobalSection
	GlobalSection(ProjectConfigurationPlatforms) = postSolution
		{BDCFF707-9918-43B2-81EB-CC948A78B3C1}.Debug|Any CPU.ActiveCfg = Debug|Any CPU
		{BDCFF707-9918-43B2-81EB-CC948A78B3C1}.Debug|Any CPU.Build.0 = Debug|Any CPU
		{BDCFF707-9918-43B2-81EB-CC948A78B3C1}.Release|Any CPU.ActiveCfg = Release|Any CPU
		{BDCFF707-9918-43B2-81EB-CC948A78B3C1}.Release|Any CPU.Build.0 = Release|Any CPU
	EndGlobalSection
	GlobalSection(SolutionProperties) = preSolution
		HideSolutionNode = FALSE
	EndGlobalSection
EndGlobal
